{
  "name": "visual-computing-webgl",
  "version": "1.0.0",
  "lockfileVersion": 1,
  "requires": true,
  "dependencies": {
    "@types/three": {
      "version": "0.84.34",
      "resolved": "https://registry.npmjs.org/@types/three/-/three-0.84.34.tgz",
      "integrity": "sha512-7xJBVg+le5W3Nod4iwggTrY/+0LM+5o9gHdWoPolX7uA24UH/C+OFLijNx6Ad4KrlWHHni2szj25ZxG1FC6wrw==",
      "dev": true,
      "requires": {
        "@types/webvr-api": "0.0.31"
      }
    },
    "@types/webvr-api": {
      "version": "0.0.31",
      "resolved": "https://registry.npmjs.org/@types/webvr-api/-/webvr-api-0.0.31.tgz",
      "integrity": "sha1-9gYf6IoDXTSotqDFX4dYkB7IoI4=",
      "dev": true
    }
  }
}
